
Microsoft Visual Studio Solution File, Format Version 12.00
# Visual Studio Version 17
VisualStudioVersion = 17.5.33530.505
MinimumVisualStudioVersion = 10.0.40219.1
Project("{FAE04EC0-301F-11D3-BF4B-00C04F79EFBC}") = "ListBox sport", "ListBox sport\ListBox sport.csproj", "{3695117B-85B8-4698-81A0-2E733EB5C106}"
EndProject
Global
	GlobalSection(SolutionConfigurationPlatforms) = preSolution
		Debug|Any CPU = Debug|Any CPU
		Release|Any CPU = Release|Any CPU
	EndGlobalSection
	GlobalSection(ProjectConfigurationPlatforms) = postSolution
		{3695117B-85B8-4698-81A0-2E733EB5C106}.Debug|Any CPU.ActiveCfg = Debug|Any CPU
		{3695117B-85B8-4698-81A0-2E733EB5C106}.Debug|Any CPU.Build.0 = Debug|Any CPU
		{3695117B-85B8-4698-81A0-2E733EB5C106}.Release|Any CPU.ActiveCfg = Release|Any CPU
		{3695117B-85B8-4698-81A0-2E733EB5C106}.Release|Any CPU.Build.0 = Release|Any CPU
	EndGlobalSection
	GlobalSection(SolutionProperties) = preSolution
		HideSolutionNode = FALSE
	EndGlobalSection
	GlobalSection(ExtensibilityGlobals) = postSolution
		SolutionGuid = {D3F35F6C-2E3F-4E44-BBBD-2101B82AE5FD}
	EndGlobalSection
EndGlobal
